
Microsoft Visual Studio Solution File, Format Version 12.00
# Visual Studio Version 16
VisualStudioVersion = 16.0.31229.75
MinimumVisualStudioVersion = 10.0.40219.1
Project("{FAE04EC0-301F-11D3-BF4B-00C04F79EFBC}") = "async-practice-thing", "async-practice-thing\async-practice-thing.csproj", "{FB821314-83E2-4043-87D8-2C81DA6501A2}"
EndProject
Project("{2150E333-8FDC-42A3-9474-1A3956D46DE8}") = "Solution Items", "Solution Items", "{C86465B1-4417-4286-923D-00DB9B0D4A8C}"
	ProjectSection(SolutionItems) = preProject
		.gitignore = .gitignore
	EndProjectSection
EndProject
Global
	GlobalSection(SolutionConfigurationPlatforms) = preSolution
		Debug|Any CPU = Debug|Any CPU
		Release|Any CPU = Release|Any CPU
	EndGlobalSection
	GlobalSection(ProjectConfigurationPlatforms) = postSolution
		{FB821314-83E2-4043-87D8-2C81DA6501A2}.Debug|Any CPU.ActiveCfg = Debug|Any CPU
		{FB821314-83E2-4043-87D8-2C81DA6501A2}.Debug|Any CPU.Build.0 = Debug|Any CPU
		{FB821314-83E2-4043-87D8-2C81DA6501A2}.Release|Any CPU.ActiveCfg = Release|Any CPU
		{FB821314-83E2-4043-87D8-2C81DA6501A2}.Release|Any CPU.Build.0 = Release|Any CPU
	EndGlobalSection
	GlobalSection(SolutionProperties) = preSolution
		HideSolutionNode = FALSE
	EndGlobalSection
	GlobalSection(ExtensibilityGlobals) = postSolution
		SolutionGuid = {0652A05E-1B94-44CC-B491-9AEB34E48C34}
	EndGlobalSection
EndGlobal
